
Microsoft Visual Studio Solution File, Format Version 12.00
# Visual Studio 14
VisualStudioVersion = 14.0.25123.0
MinimumVisualStudioVersion = 10.0.40219.1
Project("{FAE04EC0-301F-11D3-BF4B-00C04F79EFBC}") = "WebApp.API", "WebApp.API\WebApp.API.csproj", "{C90D3AD5-9E41-4742-9538-89A76A413AE4}"
EndProject
Project("{FAE04EC0-301F-11D3-BF4B-00C04F79EFBC}") = "WebApp.API.Tests", "WebApp.API.Tests\WebApp.API.Tests.csproj", "{8D97AD6F-EDB2-4430-84E4-94252DDDE49B}"
EndProject
Project("{FAE04EC0-301F-11D3-BF4B-00C04F79EFBC}") = "Framework.API", "Framework.API\Framework.API.csproj", "{123A617F-F812-4406-872E-92E5B816BAE7}"
EndProject
Project("{FAE04EC0-301F-11D3-BF4B-00C04F79EFBC}") = "Framework.Cache", "Framework.Cache\Framework.Cache.csproj", "{3854F9DD-BBD2-4E7E-8EEC-58F2E7DF33F9}"
EndProject
Project("{FAE04EC0-301F-11D3-BF4B-00C04F79EFBC}") = "Framework.Data", "Framework.Data\Framework.Data.csproj", "{E82AC2F5-B4DD-4C42-8854-952BCA78D334}"
EndProject
Project("{FAE04EC0-301F-11D3-BF4B-00C04F79EFBC}") = "Framework.Queue", "Framework.Queue\Framework.Queue.csproj", "{04216074-028E-4D39-AE79-3369AE2BBDBF}"
EndProject
Project("{FAE04EC0-301F-11D3-BF4B-00C04F79EFBC}") = "Framework.Tests", "Framework.Tests\Framework.Tests.csproj", "{9CB890A9-786E-46B9-A4B4-4933F26C5674}"
EndProject
Project("{FAE04EC0-301F-11D3-BF4B-00C04F79EFBC}") = "Framework.WebSockets", "Framework.WebSockets\Framework.WebSockets.csproj", "{5E069392-ED61-4B32-965B-EE8A20ABFD1C}"
EndProject
Project("{2150E333-8FDC-42A3-9474-1A3956D46DE8}") = "Solution Items", "Solution Items", "{738287D3-715B-4EC4-9688-9B7C60BA1B98}"
	ProjectSection(SolutionItems) = preProject
		TODO.txt = TODO.txt
	EndProjectSection
EndProject
Project("{FAE04EC0-301F-11D3-BF4B-00C04F79EFBC}") = "Framework.ServiceBus", "Framework.ServiceBus\Framework.ServiceBus.csproj", "{5EF380DC-66DA-4B54-9613-2EAD8B2D9077}"
EndProject
Project("{FAE04EC0-301F-11D3-BF4B-00C04F79EFBC}") = "Framework.Core", "Framework.Core\Framework.Core.csproj", "{99104898-A486-42E0-BECA-6CF3542631D3}"
EndProject
Project("{FAE04EC0-301F-11D3-BF4B-00C04F79EFBC}") = "WebApp.API.Contracts", "WebApp.API.Contracts\WebApp.API.Contracts.csproj", "{1BABE167-DF05-4637-A599-5C2B8A58858D}"
EndProject
Project("{E24C65DC-7377-472B-9ABA-BC803B73C61A}") = "WebApp.Client", "WebApp.Client\", "{84929851-D356-4CC3-A3DD-EAD29AD0666F}"
	ProjectSection(WebsiteProperties) = preProject
		TargetFrameworkMoniker = ".NETFramework,Version%3Dv4.6.1"
		Debug.AspNetCompiler.VirtualPath = "/localhost_62292"
		Debug.AspNetCompiler.PhysicalPath = "WebApp.Client\"
		Debug.AspNetCompiler.TargetPath = "PrecompiledWeb\localhost_62292\"
		Debug.AspNetCompiler.Updateable = "true"
		Debug.AspNetCompiler.ForceOverwrite = "true"
		Debug.AspNetCompiler.FixedNames = "false"
		Debug.AspNetCompiler.Debug = "True"
		Release.AspNetCompiler.VirtualPath = "/localhost_62292"
		Release.AspNetCompiler.PhysicalPath = "WebApp.Client\"
		Release.AspNetCompiler.TargetPath = "PrecompiledWeb\localhost_62292\"
		Release.AspNetCompiler.Updateable = "true"
		Release.AspNetCompiler.ForceOverwrite = "true"
		Release.AspNetCompiler.FixedNames = "false"
		Release.AspNetCompiler.Debug = "False"
		VWDPort = "62292"
		SlnRelativePath = "WebApp.Client\"
	EndProjectSection
EndProject
Global
	GlobalSection(SolutionConfigurationPlatforms) = preSolution
		Debug|Any CPU = Debug|Any CPU
		Release|Any CPU = Release|Any CPU
	EndGlobalSection
	GlobalSection(ProjectConfigurationPlatforms) = postSolution
		{C90D3AD5-9E41-4742-9538-89A76A413AE4}.Debug|Any CPU.ActiveCfg = Debug|Any CPU
		{C90D3AD5-9E41-4742-9538-89A76A413AE4}.Debug|Any CPU.Build.0 = Debug|Any CPU
		{C90D3AD5-9E41-4742-9538-89A76A413AE4}.Release|Any CPU.ActiveCfg = Release|Any CPU
		{C90D3AD5-9E41-4742-9538-89A76A413AE4}.Release|Any CPU.Build.0 = Release|Any CPU
		{8D97AD6F-EDB2-4430-84E4-94252DDDE49B}.Debug|Any CPU.ActiveCfg = Debug|Any CPU
		{8D97AD6F-EDB2-4430-84E4-94252DDDE49B}.Debug|Any CPU.Build.0 = Debug|Any CPU
		{8D97AD6F-EDB2-4430-84E4-94252DDDE49B}.Release|Any CPU.ActiveCfg = Release|Any CPU
		{8D97AD6F-EDB2-4430-84E4-94252DDDE49B}.Release|Any CPU.Build.0 = Release|Any CPU
		{123A617F-F812-4406-872E-92E5B816BAE7}.Debug|Any CPU.ActiveCfg = Debug|Any CPU
		{123A617F-F812-4406-872E-92E5B816BAE7}.Debug|Any CPU.Build.0 = Debug|Any CPU
		{123A617F-F812-4406-872E-92E5B816BAE7}.Release|Any CPU.ActiveCfg = Release|Any CPU
		{123A617F-F812-4406-872E-92E5B816BAE7}.Release|Any CPU.Build.0 = Release|Any CPU
		{3854F9DD-BBD2-4E7E-8EEC-58F2E7DF33F9}.Debug|Any CPU.ActiveCfg = Debug|Any CPU
		{3854F9DD-BBD2-4E7E-8EEC-58F2E7DF33F9}.Debug|Any CPU.Build.0 = Debug|Any CPU
		{3854F9DD-BBD2-4E7E-8EEC-58F2E7DF33F9}.Release|Any CPU.ActiveCfg = Release|Any CPU
		{3854F9DD-BBD2-4E7E-8EEC-58F2E7DF33F9}.Release|Any CPU.Build.0 = Release|Any CPU
		{E82AC2F5-B4DD-4C42-8854-952BCA78D334}.Debug|Any CPU.ActiveCfg = Debug|Any CPU
		{E82AC2F5-B4DD-4C42-8854-952BCA78D334}.Debug|Any CPU.Build.0 = Debug|Any CPU
		{E82AC2F5-B4DD-4C42-8854-952BCA78D334}.Release|Any CPU.ActiveCfg = Release|Any CPU
		{E82AC2F5-B4DD-4C42-8854-952BCA78D334}.Release|Any CPU.Build.0 = Release|Any CPU
		{04216074-028E-4D39-AE79-3369AE2BBDBF}.Debug|Any CPU.ActiveCfg = Debug|Any CPU
		{04216074-028E-4D39-AE79-3369AE2BBDBF}.Debug|Any CPU.Build.0 = Debug|Any CPU
		{04216074-028E-4D39-AE79-3369AE2BBDBF}.Release|Any CPU.ActiveCfg = Release|Any CPU
		{04216074-028E-4D39-AE79-3369AE2BBDBF}.Release|Any CPU.Build.0 = Release|Any CPU
		{9CB890A9-786E-46B9-A4B4-4933F26C5674}.Debug|Any CPU.ActiveCfg = Debug|Any CPU
		{9CB890A9-786E-46B9-A4B4-4933F26C5674}.Debug|Any CPU.Build.0 = Debug|Any CPU
		{9CB890A9-786E-46B9-A4B4-4933F26C5674}.Release|Any CPU.ActiveCfg = Release|Any CPU
		{9CB890A9-786E-46B9-A4B4-4933F26C5674}.Release|Any CPU.Build.0 = Release|Any CPU
		{5E069392-ED61-4B32-965B-EE8A20ABFD1C}.Debug|Any CPU.ActiveCfg = Debug|Any CPU
		{5E069392-ED61-4B32-965B-EE8A20ABFD1C}.Debug|Any CPU.Build.0 = Debug|Any CPU
		{5E069392-ED61-4B32-965B-EE8A20ABFD1C}.Release|Any CPU.ActiveCfg = Release|Any CPU
		{5E069392-ED61-4B32-965B-EE8A20ABFD1C}.Release|Any CPU.Build.0 = Release|Any CPU
		{5EF380DC-66DA-4B54-9613-2EAD8B2D9077}.Debug|Any CPU.ActiveCfg = Debug|Any CPU
		{5EF380DC-66DA-4B54-9613-2EAD8B2D9077}.Debug|Any CPU.Build.0 = Debug|Any CPU
		{5EF380DC-66DA-4B54-9613-2EAD8B2D9077}.Release|Any CPU.ActiveCfg = Release|Any CPU
		{5EF380DC-66DA-4B54-9613-2EAD8B2D9077}.Release|Any CPU.Build.0 = Release|Any CPU
		{99104898-A486-42E0-BECA-6CF3542631D3}.Debug|Any CPU.ActiveCfg = Debug|Any CPU
		{99104898-A486-42E0-BECA-6CF3542631D3}.Debug|Any CPU.Build.0 = Debug|Any CPU
		{99104898-A486-42E0-BECA-6CF3542631D3}.Release|Any CPU.ActiveCfg = Release|Any CPU
		{99104898-A486-42E0-BECA-6CF3542631D3}.Release|Any CPU.Build.0 = Release|Any CPU
		{1BABE167-DF05-4637-A599-5C2B8A58858D}.Debug|Any CPU.ActiveCfg = Debug|Any CPU
		{1BABE167-DF05-4637-A599-5C2B8A58858D}.Debug|Any CPU.Build.0 = Debug|Any CPU
		{1BABE167-DF05-4637-A599-5C2B8A58858D}.Release|Any CPU.ActiveCfg = Release|Any CPU
		{1BABE167-DF05-4637-A599-5C2B8A58858D}.Release|Any CPU.Build.0 = Release|Any CPU
		{84929851-D356-4CC3-A3DD-EAD29AD0666F}.Debug|Any CPU.ActiveCfg = Debug|Any CPU
		{84929851-D356-4CC3-A3DD-EAD29AD0666F}.Debug|Any CPU.Build.0 = Debug|Any CPU
		{84929851-D356-4CC3-A3DD-EAD29AD0666F}.Release|Any CPU.ActiveCfg = Debug|Any CPU
		{84929851-D356-4CC3-A3DD-EAD29AD0666F}.Release|Any CPU.Build.0 = Debug|Any CPU
	EndGlobalSection
	GlobalSection(SolutionProperties) = preSolution
		HideSolutionNode = FALSE
	EndGlobalSection
EndGlobal
