
Microsoft Visual Studio Solution File, Format Version 12.00
# Visual Studio 14
VisualStudioVersion = 14.0.25123.0
MinimumVisualStudioVersion = 10.0.40219.1
Project("{FAE04EC0-301F-11D3-BF4B-00C04F79EFBC}") = "WebApp.API", "WebApp.API\WebApp.API.csproj", "{C90D3AD5-9E41-4742-9538-89A76A413AE4}"
EndProject
Project("{FAE04EC0-301F-11D3-BF4B-00C04F79EFBC}") = "WebApp.API.Tests", "WebApp.API.Tests\WebApp.API.Tests.csproj", "{8D97AD6F-EDB2-4430-84E4-94252DDDE49B}"
EndProject
Project("{FAE04EC0-301F-11D3-BF4B-00C04F79EFBC}") = "Framework.API", "Framework.API\Framework.API.csproj", "{123A617F-F812-4406-872E-92E5B816BAE7}"
EndProject
Project("{FAE04EC0-301F-11D3-BF4B-00C04F79EFBC}") = "Framework.Cache", "Framework.Cache\Framework.Cache.csproj", "{3854F9DD-BBD2-4E7E-8EEC-58F2E7DF33F9}"
EndProject
Project("{FAE04EC0-301F-11D3-BF4B-00C04F79EFBC}") = "Framework.Data", "Framework.Data\Framework.Data.csproj", "{E82AC2F5-B4DD-4C42-8854-952BCA78D334}"
EndProject
Project("{FAE04EC0-301F-11D3-BF4B-00C04F79EFBC}") = "Framework.Queue", "Framework.Queue\Framework.Queue.csproj", "{04216074-028E-4D39-AE79-3369AE2BBDBF}"
EndProject
Project("{FAE04EC0-301F-11D3-BF4B-00C04F79EFBC}") = "Framework.Tests", "Framework.Tests\Framework.Tests.csproj", "{9CB890A9-786E-46B9-A4B4-4933F26C5674}"
EndProject
Project("{2150E333-8FDC-42A3-9474-1A3956D46DE8}") = "Solution Items", "Solution Items", "{34637A17-7672-4E24-9CB5-5F8B3D1FECE5}"
	ProjectSection(SolutionItems) = preProject
		TODO.txt = TODO.txt
	EndProjectSection
EndProject
Global
	GlobalSection(SolutionConfigurationPlatforms) = preSolution
		Debug|Any CPU = Debug|Any CPU
		Release|Any CPU = Release|Any CPU
	EndGlobalSection
	GlobalSection(ProjectConfigurationPlatforms) = postSolution
		{C90D3AD5-9E41-4742-9538-89A76A413AE4}.Debug|Any CPU.ActiveCfg = Debug|Any CPU
		{C90D3AD5-9E41-4742-9538-89A76A413AE4}.Debug|Any CPU.Build.0 = Debug|Any CPU
		{C90D3AD5-9E41-4742-9538-89A76A413AE4}.Release|Any CPU.ActiveCfg = Release|Any CPU
		{C90D3AD5-9E41-4742-9538-89A76A413AE4}.Release|Any CPU.Build.0 = Release|Any CPU
		{8D97AD6F-EDB2-4430-84E4-94252DDDE49B}.Debug|Any CPU.ActiveCfg = Debug|Any CPU
		{8D97AD6F-EDB2-4430-84E4-94252DDDE49B}.Debug|Any CPU.Build.0 = Debug|Any CPU
		{8D97AD6F-EDB2-4430-84E4-94252DDDE49B}.Release|Any CPU.ActiveCfg = Release|Any CPU
		{8D97AD6F-EDB2-4430-84E4-94252DDDE49B}.Release|Any CPU.Build.0 = Release|Any CPU
		{123A617F-F812-4406-872E-92E5B816BAE7}.Debug|Any CPU.ActiveCfg = Debug|Any CPU
		{123A617F-F812-4406-872E-92E5B816BAE7}.Debug|Any CPU.Build.0 = Debug|Any CPU
		{123A617F-F812-4406-872E-92E5B816BAE7}.Release|Any CPU.ActiveCfg = Release|Any CPU
		{123A617F-F812-4406-872E-92E5B816BAE7}.Release|Any CPU.Build.0 = Release|Any CPU
		{3854F9DD-BBD2-4E7E-8EEC-58F2E7DF33F9}.Debug|Any CPU.ActiveCfg = Debug|Any CPU
		{3854F9DD-BBD2-4E7E-8EEC-58F2E7DF33F9}.Debug|Any CPU.Build.0 = Debug|Any CPU
		{3854F9DD-BBD2-4E7E-8EEC-58F2E7DF33F9}.Release|Any CPU.ActiveCfg = Release|Any CPU
		{3854F9DD-BBD2-4E7E-8EEC-58F2E7DF33F9}.Release|Any CPU.Build.0 = Release|Any CPU
		{E82AC2F5-B4DD-4C42-8854-952BCA78D334}.Debug|Any CPU.ActiveCfg = Debug|Any CPU
		{E82AC2F5-B4DD-4C42-8854-952BCA78D334}.Debug|Any CPU.Build.0 = Debug|Any CPU
		{E82AC2F5-B4DD-4C42-8854-952BCA78D334}.Release|Any CPU.ActiveCfg = Release|Any CPU
		{E82AC2F5-B4DD-4C42-8854-952BCA78D334}.Release|Any CPU.Build.0 = Release|Any CPU
		{04216074-028E-4D39-AE79-3369AE2BBDBF}.Debug|Any CPU.ActiveCfg = Debug|Any CPU
		{04216074-028E-4D39-AE79-3369AE2BBDBF}.Debug|Any CPU.Build.0 = Debug|Any CPU
		{04216074-028E-4D39-AE79-3369AE2BBDBF}.Release|Any CPU.ActiveCfg = Release|Any CPU
		{04216074-028E-4D39-AE79-3369AE2BBDBF}.Release|Any CPU.Build.0 = Release|Any CPU
		{9CB890A9-786E-46B9-A4B4-4933F26C5674}.Debug|Any CPU.ActiveCfg = Debug|Any CPU
		{9CB890A9-786E-46B9-A4B4-4933F26C5674}.Debug|Any CPU.Build.0 = Debug|Any CPU
		{9CB890A9-786E-46B9-A4B4-4933F26C5674}.Release|Any CPU.ActiveCfg = Release|Any CPU
		{9CB890A9-786E-46B9-A4B4-4933F26C5674}.Release|Any CPU.Build.0 = Release|Any CPU
	EndGlobalSection
	GlobalSection(SolutionProperties) = preSolution
		HideSolutionNode = FALSE
	EndGlobalSection
EndGlobal
